
Microsoft Visual Studio Solution File, Format Version 12.00
# Visual Studio 15
Project("{FAE04EC0-301F-11D3-BF4B-00C04F79EFBC}") = "photo", "photo\photo.csproj", "{96CD5911-8E64-4AEC-914D-9CE7FD4A9912}"
EndProject
Global
	GlobalSection(SolutionConfigurationPlatforms) = preSolution
		Debug|Any CPU = Debug|Any CPU
		Release|Any CPU = Release|Any CPU
	EndGlobalSection
	GlobalSection(ProjectConfigurationPlatforms) = postSolution
		{96CD5911-8E64-4AEC-914D-9CE7FD4A9912}.Debug|Any CPU.ActiveCfg = Debug|Any CPU
		{96CD5911-8E64-4AEC-914D-9CE7FD4A9912}.Debug|Any CPU.Build.0 = Debug|Any CPU
		{96CD5911-8E64-4AEC-914D-9CE7FD4A9912}.Release|Any CPU.ActiveCfg = Release|Any CPU
		{96CD5911-8E64-4AEC-914D-9CE7FD4A9912}.Release|Any CPU.Build.0 = Release|Any CPU
	EndGlobalSection
EndGlobal
